
Microsoft Visual Studio Solution File, Format Version 12.00
# Visual Studio Version 16
VisualStudioVersion = 16.0.31729.503
MinimumVisualStudioVersion = 10.0.40219.1
Project("{FAE04EC0-301F-11D3-BF4B-00C04F79EFBC}") = "Test_Af_LoginCC-Web", "Test_Af_LoginCC-Web\Test_Af_LoginCC-Web.csproj", "{FAF4B047-54F6-492C-B5BA-5BA2A10A3358}"
EndProject
Global
	GlobalSection(SolutionConfigurationPlatforms) = preSolution
		Debug|Any CPU = Debug|Any CPU
		Release|Any CPU = Release|Any CPU
	EndGlobalSection
	GlobalSection(ProjectConfigurationPlatforms) = postSolution
		{FAF4B047-54F6-492C-B5BA-5BA2A10A3358}.Debug|Any CPU.ActiveCfg = Debug|Any CPU
		{FAF4B047-54F6-492C-B5BA-5BA2A10A3358}.Debug|Any CPU.Build.0 = Debug|Any CPU
		{FAF4B047-54F6-492C-B5BA-5BA2A10A3358}.Release|Any CPU.ActiveCfg = Release|Any CPU
		{FAF4B047-54F6-492C-B5BA-5BA2A10A3358}.Release|Any CPU.Build.0 = Release|Any CPU
	EndGlobalSection
	GlobalSection(SolutionProperties) = preSolution
		HideSolutionNode = FALSE
	EndGlobalSection
	GlobalSection(ExtensibilityGlobals) = postSolution
		SolutionGuid = {32502972-5D7F-4193-8005-7098BA7EBAE6}
	EndGlobalSection
EndGlobal
