
Microsoft Visual Studio Solution File, Format Version 12.00
# Visual Studio Version 16
VisualStudioVersion = 16.0.31613.86
MinimumVisualStudioVersion = 10.0.40219.1
Project("{FAE04EC0-301F-11D3-BF4B-00C04F79EFBC}") = "CC_web_ny", "CC_web_ny\CC_web_ny.csproj", "{57A1C1A6-D747-4E6F-8498-D6C534381D19}"
EndProject
Global
	GlobalSection(SolutionConfigurationPlatforms) = preSolution
		Debug|Any CPU = Debug|Any CPU
		Release|Any CPU = Release|Any CPU
	EndGlobalSection
	GlobalSection(ProjectConfigurationPlatforms) = postSolution
		{57A1C1A6-D747-4E6F-8498-D6C534381D19}.Debug|Any CPU.ActiveCfg = Debug|Any CPU
		{57A1C1A6-D747-4E6F-8498-D6C534381D19}.Debug|Any CPU.Build.0 = Debug|Any CPU
		{57A1C1A6-D747-4E6F-8498-D6C534381D19}.Release|Any CPU.ActiveCfg = Release|Any CPU
		{57A1C1A6-D747-4E6F-8498-D6C534381D19}.Release|Any CPU.Build.0 = Release|Any CPU
	EndGlobalSection
	GlobalSection(SolutionProperties) = preSolution
		HideSolutionNode = FALSE
	EndGlobalSection
	GlobalSection(ExtensibilityGlobals) = postSolution
		SolutionGuid = {A70865AE-951E-4E7F-B361-0BC55FB32F9F}
	EndGlobalSection
EndGlobal
